
Microsoft Visual Studio Solution File, Format Version 12.00
# Visual Studio Version 17
VisualStudioVersion = 17.13.35818.85
MinimumVisualStudioVersion = 10.0.40219.1
Project("{FAE04EC0-301F-11D3-BF4B-00C04F79EFBC}") = "NET Converter", "NET Converter\NET Converter.csproj", "{BE1689F6-8D11-4109-ABEB-9A4CC505EE0A}"
	ProjectSection(ProjectDependencies) = postProject
		{4B31ACD3-8ED1-EF94-39A8-125EA22400E4} = {4B31ACD3-8ED1-EF94-39A8-125EA22400E4}
	EndProjectSection
EndProject
Project("{FAE04EC0-301F-11D3-BF4B-00C04F79EFBC}") = "NET8ExceptionHandler", "..\WPFExceptionHandler\NET8ExceptionHandler\NET8ExceptionHandler.csproj", "{4B31ACD3-8ED1-EF94-39A8-125EA22400E4}"
EndProject
Global
	GlobalSection(SolutionConfigurationPlatforms) = preSolution
		Debug|Any CPU = Debug|Any CPU
		Release|Any CPU = Release|Any CPU
	EndGlobalSection
	GlobalSection(ProjectConfigurationPlatforms) = postSolution
		{BE1689F6-8D11-4109-ABEB-9A4CC505EE0A}.Debug|Any CPU.ActiveCfg = Debug|Any CPU
		{BE1689F6-8D11-4109-ABEB-9A4CC505EE0A}.Debug|Any CPU.Build.0 = Debug|Any CPU
		{BE1689F6-8D11-4109-ABEB-9A4CC505EE0A}.Release|Any CPU.ActiveCfg = Release|Any CPU
		{BE1689F6-8D11-4109-ABEB-9A4CC505EE0A}.Release|Any CPU.Build.0 = Release|Any CPU
		{4B31ACD3-8ED1-EF94-39A8-125EA22400E4}.Debug|Any CPU.ActiveCfg = Debug|Any CPU
		{4B31ACD3-8ED1-EF94-39A8-125EA22400E4}.Debug|Any CPU.Build.0 = Debug|Any CPU
		{4B31ACD3-8ED1-EF94-39A8-125EA22400E4}.Release|Any CPU.ActiveCfg = Release|Any CPU
		{4B31ACD3-8ED1-EF94-39A8-125EA22400E4}.Release|Any CPU.Build.0 = Release|Any CPU
	EndGlobalSection
	GlobalSection(SolutionProperties) = preSolution
		HideSolutionNode = FALSE
	EndGlobalSection
	GlobalSection(ExtensibilityGlobals) = postSolution
		SolutionGuid = {3BE1EA42-D537-472D-A47E-440E3F52DC50}
	EndGlobalSection
EndGlobal
